Microsoft Visual Studio Solution File, Format Version 12.00
# Visual Studio Version 17
VisualStudioVersion = 17.5.2.0
MinimumVisualStudioVersion = 10.0.40219.1
Project("{2150E333-8FDC-42A3-9474-1A3956D46DE8}") = "src", "src", "{827E0CD3-B72D-47B6-A68D-7590B98EB39B}"
EndProject
Project("{2150E333-8FDC-42A3-9474-1A3956D46DE8}") = "scripts", "scripts", "{F5D6AA94-3B3D-A482-BBC4-8A508104825B}"
EndProject
Project("{2150E333-8FDC-42A3-9474-1A3956D46DE8}") = "python", "python", "{056EFCCE-4CBD-F0CA-DF2C-BBFB37D4D403}"
EndProject
Project("{FAE04EC0-301F-11D3-BF4B-00C04F79EFBC}") = "CustomSaveDialog", "src\scripts\python\CustomSaveDialog\CustomSaveDialog.csproj", "{FD3FE51E-D9C3-79B9-9656-284E57D823EB}"
EndProject
Global
	GlobalSection(SolutionConfigurationPlatforms) = preSolution
		Debug|Any CPU = Debug|Any CPU
		Release|Any CPU = Release|Any CPU
	EndGlobalSection
	GlobalSection(ProjectConfigurationPlatforms) = postSolution
		{FD3FE51E-D9C3-79B9-9656-284E57D823EB}.Debug|Any CPU.ActiveCfg = Debug|Any CPU
		{FD3FE51E-D9C3-79B9-9656-284E57D823EB}.Debug|Any CPU.Build.0 = Debug|Any CPU
		{FD3FE51E-D9C3-79B9-9656-284E57D823EB}.Release|Any CPU.ActiveCfg = Release|Any CPU
		{FD3FE51E-D9C3-79B9-9656-284E57D823EB}.Release|Any CPU.Build.0 = Release|Any CPU
	EndGlobalSection
	GlobalSection(SolutionProperties) = preSolution
		HideSolutionNode = FALSE
	EndGlobalSection
	GlobalSection(NestedProjects) = preSolution
		{F5D6AA94-3B3D-A482-BBC4-8A508104825B} = {827E0CD3-B72D-47B6-A68D-7590B98EB39B}
		{056EFCCE-4CBD-F0CA-DF2C-BBFB37D4D403} = {F5D6AA94-3B3D-A482-BBC4-8A508104825B}
		{FD3FE51E-D9C3-79B9-9656-284E57D823EB} = {056EFCCE-4CBD-F0CA-DF2C-BBFB37D4D403}
	EndGlobalSection
	GlobalSection(ExtensibilityGlobals) = postSolution
		SolutionGuid = {6C8B6DD4-12BE-401C-B921-6BC46F7549E8}
	EndGlobalSection
EndGlobal
